// !$*UTF8*$!
{
	archiveVersion = 1;
	classes = {
	};
	objectVersion = 50;
	objects = {

/* Begin PBXBuildFile section */
		8372DAD1245B83C30073007E /* AppDelegate.swift in Sources */ = {isa = PBXBuildFile; fileRef = 8372DAD0245B83C30073007E /* AppDelegate.swift */; };
		8372DAD3245B83C30073007E /* SceneDelegate.swift in Sources */ = {isa = PBXBuildFile; fileRef = 8372DAD2245B83C30073007E /* SceneDelegate.swift */; };
		8372DAD5245B83C30073007E /* ContentView.swift in Sources */ = {isa = PBXBuildFile; fileRef = 8372DAD4245B83C30073007E /* ContentView.swift */; };
		8372DAD7245B83C50073007E /* Assets.xcassets in Resources */ = {isa = PBXBuildFile; fileRef = 8372DAD6245B83C50073007E /* Assets.xcassets */; };
		8372DADA245B83C50073007E /* Preview Assets.xcassets in Resources */ = {isa = PBXBuildFile; fileRef = 8372DAD9245B83C50073007E /* Preview Assets.xcassets */; };
		8372DADD245B83C50073007E /* LaunchScreen.storyboard in Resources */ = {isa = PBXBuildFile; fileRef = 8372DADB245B83C50073007E /* LaunchScreen.storyboard */; };
		8372DAE6245B85790073007E /* Data.swift in Sources */ = {isa = PBXBuildFile; fileRef = 8372DAE4245B85780073007E /* Data.swift */; };
		8372DAE7245B85790073007E /* Location.swift in Sources */ = {isa = PBXBuildFile; fileRef = 8372DAE5245B85790073007E /* Location.swift */; };
		8372DAEB245B86430073007E /* data.json in Resources */ = {isa = PBXBuildFile; fileRef = 8372DAEA245B86430073007E /* data.json */; };
		8372DAED245BAB090073007E /* MapItemRow.swift in Sources */ = {isa = PBXBuildFile; fileRef = 8372DAEC245BAB090073007E /* MapItemRow.swift */; };
		83DB1156245BBDE6006B4ECA /* LocationList.swift in Sources */ = {isa = PBXBuildFile; fileRef = 83DB1155245BBDE6006B4ECA /* LocationList.swift */; };
/* End PBXBuildFile section */

/* Begin PBXFileReference section */
		8372DACD245B83C30073007E /* The Sand Box.app */ = {isa = PBXFileReference; explicitFileType = wrapper.application; includeInIndex = 0; path = "The Sand Box.app"; sourceTree = BUILT_PRODUCTS_DIR; };
		8372DAD0245B83C30073007E /* AppDelegate.swift */ = {isa = PBXFileReference; lastKnownFileType = sourcecode.swift; path = AppDelegate.swift; sourceTree = "<group>"; };
		8372DAD2245B83C30073007E /* SceneDelegate.swift */ = {isa = PBXFileReference; lastKnownFileType = sourcecode.swift; path = SceneDelegate.swift; sourceTree = "<group>"; };
		8372DAD4245B83C30073007E /* ContentView.swift */ = {isa = PBXFileReference; lastKnownFileType = sourcecode.swift; path = ContentView.swift; sourceTree = "<group>"; };
		8372DAD6245B83C50073007E /* Assets.xcassets */ = {isa = PBXFileReference; lastKnownFileType = folder.assetcatalog; path = Assets.xcassets; sourceTree = "<group>"; };
		8372DAD9245B83C50073007E /* Preview Assets.xcassets */ = {isa = PBXFileReference; lastKnownFileType = folder.assetcatalog; path = "Preview Assets.xcassets"; sourceTree = "<group>"; };
		8372DADC245B83C50073007E /* Base */ = {isa = PBXFileReference; lastKnownFileType = file.storyboard; name = Base; path = Base.lproj/LaunchScreen.storyboard; sourceTree = "<group>"; };
		8372DADE245B83C50073007E /* Info.plist */ = {isa = PBXFileReference; lastKnownFileType = text.plist.xml; path = Info.plist; sourceTree = "<group>"; };
		8372DAE4245B85780073007E /* Data.swift */ = {isa = PBXFileReference; fileEncoding = 4; lastKnownFileType = sourcecode.swift; path = Data.swift; sourceTree = "<group>"; };
		8372DAE5245B85790073007E /* Location.swift */ = {isa = PBXFileReference; fileEncoding = 4; lastKnownFileType = sourcecode.swift; path = Location.swift; sourceTree = "<group>"; };
		8372DAEA245B86430073007E /* data.json */ = {isa = PBXFileReference; fileEncoding = 4; lastKnownFileType = text.json; path = data.json; sourceTree = "<group>"; };
		8372DAEC245BAB090073007E /* MapItemRow.swift */ = {isa = PBXFileReference; lastKnownFileType = sourcecode.swift; path = MapItemRow.swift; sourceTree = "<group>"; };
		83DB1155245BBDE6006B4ECA /* LocationList.swift */ = {isa = PBXFileReference; lastKnownFileType = sourcecode.swift; path = LocationList.swift; sourceTree = "<group>"; };
/* End PBXFileReference section */

/* Begin PBXFrameworksBuildPhase section */
		8372DACA245B83C30073007E /* Frameworks */ = {
			isa = PBXFrameworksBuildPhase;
			buildActionMask = 2147483647;
			files = (
			);
			runOnlyForDeploymentPostprocessing = 0;
		};
/* End PBXFrameworksBuildPhase section */

/* Begin PBXGroup section */
		8372DAC4245B83C30073007E = {
			isa = PBXGroup;
			children = (
				8372DACF245B83C30073007E /* The Sand Box */,
				8372DACE245B83C30073007E /* Products */,
			);
			sourceTree = "<group>";
		};
		8372DACE245B83C30073007E /* Products */ = {
			isa = PBXGroup;
			children = (
				8372DACD245B83C30073007E /* The Sand Box.app */,
			);
			name = Products;
			sourceTree = "<group>";
		};
		8372DACF245B83C30073007E /* The Sand Box */ = {
			isa = PBXGroup;
			children = (
				8372DAD0245B83C30073007E /* AppDelegate.swift */,
				8372DAD2245B83C30073007E /* SceneDelegate.swift */,
				8372DAD4245B83C30073007E /* ContentView.swift */,
				8372DAD6245B83C50073007E /* Assets.xcassets */,
				8372DAE4245B85780073007E /* Data.swift */,
				8372DAE5245B85790073007E /* Location.swift */,
				8372DAEC245BAB090073007E /* MapItemRow.swift */,
				83DB1155245BBDE6006B4ECA /* LocationList.swift */,
				8372DADB245B83C50073007E /* LaunchScreen.storyboard */,
				8372DADE245B83C50073007E /* Info.plist */,
				8372DAEA245B86430073007E /* data.json */,
				8372DAD8245B83C50073007E /* Preview Content */,
			);
			path = "The Sand Box";
			sourceTree = "<group>";
		};
		8372DAD8245B83C50073007E /* Preview Content */ = {
			isa = PBXGroup;
			children = (
				8372DAD9245B83C50073007E /* Preview Assets.xcassets */,
			);
			path = "Preview Content";
			sourceTree = "<group>";
		};
/* End PBXGroup section */

/* Begin PBXNativeTarget section */
		8372DACC245B83C30073007E /* The Sand Box */ = {
			isa = PBXNativeTarget;
			buildConfigurationList = 8372DAE1245B83C50073007E /* Build configuration list for PBXNativeTarget "The Sand Box" */;
			buildPhases = (
				8372DAC9245B83C30073007E /* Sources */,
				8372DACA245B83C30073007E /* Frameworks */,
				8372DACB245B83C30073007E /* Resources */,
			);
			buildRules = (
			);
			dependencies = (
			);
			name = "The Sand Box";
			productName = "The Sand Box";
			productReference = 8372DACD245B83C30073007E /* The Sand Box.app */;
			productType = "com.apple.product-type.application";
		};
/* End PBXNativeTarget section */

/* Begin PBXProject section */
		8372DAC5245B83C30073007E /* Project object */ = {
			isa = PBXProject;
			attributes = {
				LastSwiftUpdateCheck = 1140;
				LastUpgradeCheck = 1140;
				ORGANIZATIONNAME = ThunderCats;
				TargetAttributes = {
					8372DACC245B83C30073007E = {
						CreatedOnToolsVersion = 11.4.1;
					};
				};
			};
			buildConfigurationList = 8372DAC8245B83C30073007E /* Build configuration list for PBXProject "The Sand Box" */;
			compatibilityVersion = "Xcode 9.3";
			developmentRegion = en;
			hasScannedForEncodings = 0;
			knownRegions = (
				en,
				Base,
			);
			mainGroup = 8372DAC4245B83C30073007E;
			productRefGroup = 8372DACE245B83C30073007E /* Products */;
			projectDirPath = "";
			projectRoot = "";
			targets = (
				8372DACC245B83C30073007E /* The Sand Box */,
			);
		};
/* End PBXProject section */

/* Begin PBXResourcesBuildPhase section */
		8372DACB245B83C30073007E /* Resources */ = {
			isa = PBXResourcesBuildPhase;
			buildActionMask = 2147483647;
			files = (
				8372DADD245B83C50073007E /* LaunchScreen.storyboard in Resources */,
				8372DADA245B83C50073007E /* Preview Assets.xcassets in Resources */,
				8372DAD7245B83C50073007E /* Assets.xcassets in Resources */,
				8372DAEB245B86430073007E /* data.json in Resources */,
			);
			runOnlyForDeploymentPostprocessing = 0;
		};
/* End PBXResourcesBuildPhase section */

/* Begin PBXSourcesBuildPhase section */
		8372DAC9245B83C30073007E /* Sources */ = {
			isa = PBXSourcesBuildPhase;
			buildActionMask = 2147483647;
			files = (
				8372DAD1245B83C30073007E /* AppDelegate.swift in Sources */,
				8372DAD3245B83C30073007E /* SceneDelegate.swift in Sources */,
				83DB1156245BBDE6006B4ECA /* LocationList.swift in Sources */,
				8372DAED245BAB090073007E /* MapItemRow.swift in Sources */,
				8372DAE7245B85790073007E /* Location.swift in Sources */,
				8372DAD5245B83C30073007E /* ContentView.swift in Sources */,
				8372DAE6245B85790073007E /* Data.swift in Sources */,
			);
			runOnlyForDeploymentPostprocessing = 0;
		};
/* End PBXSourcesBuildPhase section */

/* Begin PBXVariantGroup section */
		8372DADB245B83C50073007E /* LaunchScreen.storyboard */ = {
			isa = PBXVariantGroup;
			children = (
				8372DADC245B83C50073007E /* Base */,
			);
			name = LaunchScreen.storyboard;
			sourceTree = "<group>";
		};
/* End PBXVariantGroup section */

/* Begin XCBuildConfiguration section */
		8372DADF245B83C50073007E /* Debug */ = {
			isa = XCBuildConfiguration;
			buildSettings = {
				ALWAYS_SEARCH_USER_PATHS = NO;
				CLANG_ANALYZER_NONNULL = YES;
				CLANG_ANALYZER_NUMBER_OBJECT_CONVERSION = YES_AGGRESSIVE;
				CLANG_CXX_LANGUAGE_STANDARD = "gnu++14";
				CLANG_CXX_LIBRARY = "libc++";
				CLANG_ENABLE_MODULES = YES;
				CLANG_ENABLE_OBJC_ARC = YES;
				CLANG_ENABLE_OBJC_WEAK = YES;
				CLANG_WARN_BLOCK_CAPTURE_AUTORELEASING = YES;
				CLANG_WARN_BOOL_CONVERSION = YES;
				CLANG_WARN_COMMA = YES;
				CLANG_WARN_CONSTANT_CONVERSION = YES;
				CLANG_WARN_DEPRECATED_OBJC_IMPLEMENTATIONS = YES;
				CLANG_WARN_DIRECT_OBJC_ISA_USAGE = YES_ERROR;
				CLANG_WARN_DOCUMENTATION_COMMENTS = YES;
				CLANG_WARN_EMPTY_BODY = YES;
				CLANG_WARN_ENUM_CONVERSION = YES;
				CLANG_WARN_INFINITE_RECURSION = YES;
				CLANG_WARN_INT_CONVERSION = YES;
				CLANG_WARN_NON_LITERAL_NULL_CONVERSION = YES;
				CLANG_WARN_OBJC_IMPLICIT_RETAIN_SELF = YES;
				CLANG_WARN_OBJC_LITERAL_CONVERSION = YES;
				CLANG_WARN_OBJC_ROOT_CLASS = YES_ERROR;
				CLANG_WARN_RANGE_LOOP_ANALYSIS = YES;
				CLANG_WARN_STRICT_PROTOTYPES = YES;
				CLANG_WARN_SUSPICIOUS_MOVE = YES;
				CLANG_WARN_UNGUARDED_AVAILABILITY = YES_AGGRESSIVE;
				CLANG_WARN_UNREACHABLE_CODE = YES;
				CLANG_WARN__DUPLICATE_METHOD_MATCH = YES;
				COPY_PHASE_STRIP = NO;
				DEBUG_INFORMATION_FORMAT = dwarf;
				ENABLE_STRICT_OBJC_MSGSEND = YES;
				ENABLE_TESTABILITY = YES;
				GCC_C_LANGUAGE_STANDARD = gnu11;
				GCC_DYNAMIC_NO_PIC = NO;
				GCC_NO_COMMON_BLOCKS = YES;
				GCC_OPTIMIZATION_LEVEL = 0;
				GCC_PREPROCESSOR_DEFINITIONS = (
					"DEBUG=1",
					"$(inherited)",
				);
				GCC_WARN_64_TO_32_BIT_CONVERSION = YES;
				GCC_WARN_ABOUT_RETURN_TYPE = YES_ERROR;
				GCC_WARN_UNDECLARED_SELECTOR = YES;
				GCC_WARN_UNINITIALIZED_AUTOS = YES_AGGRESSIVE;
				GCC_WARN_UNUSED_FUNCTION = YES;
				GCC_WARN_UNUSED_VARIABLE = YES;
				IPHONEOS_DEPLOYMENT_TARGET = 13.4;
				MTL_ENABLE_DEBUG_INFO = INCLUDE_SOURCE;
				MTL_FAST_MATH = YES;
				ONLY_ACTIVE_ARCH = YES;
				SDKROOT = iphoneos;
				SWIFT_ACTIVE_COMPILATION_CONDITIONS = DEBUG;
				SWIFT_OPTIMIZATION_LEVEL = "-Onone";
			};
			name = Debug;
		};
		8372DAE0245B83C50073007E /* Release */ = {
			isa = XCBuildConfiguration;
			buildSettings = {
				ALWAYS_SEARCH_USER_PATHS = NO;
				CLANG_ANALYZER_NONNULL = YES;
				CLANG_ANALYZER_NUMBER_OBJECT_CONVERSION = YES_AGGRESSIVE;
				CLANG_CXX_LANGUAGE_STANDARD = "gnu++14";
				CLANG_CXX_LIBRARY = "libc++";
				CLANG_ENABLE_MODULES = YES;
				CLANG_ENABLE_OBJC_ARC = YES;
				CLANG_ENABLE_OBJC_WEAK = YES;
				CLANG_WARN_BLOCK_CAPTURE_AUTORELEASING = YES;
				CLANG_WARN_BOOL_CONVERSION = YES;
				CLANG_WARN_COMMA = YES;
				CLANG_WARN_CONSTANT_CONVERSION = YES;
				CLANG_WARN_DEPRECATED_OBJC_IMPLEMENTATIONS = YES;
				CLANG_WARN_DIRECT_OBJC_ISA_USAGE = YES_ERROR;
				CLANG_WARN_DOCUMENTATION_COMMENTS = YES;
				CLANG_WARN_EMPTY_BODY = YES;
				CLANG_WARN_ENUM_CONVERSION = YES;
				CLANG_WARN_INFINITE_RECURSION = YES;
				CLANG_WARN_INT_CONVERSION = YES;
				CLANG_WARN_NON_LITERAL_NULL_CONVERSION = YES;
				CLANG_WARN_OBJC_IMPLICIT_RETAIN_SELF = YES;
				CLANG_WARN_OBJC_LITERAL_CONVERSION = YES;
				CLANG_WARN_OBJC_ROOT_CLASS = YES_ERROR;
				CLANG_WARN_RANGE_LOOP_ANALYSIS = YES;
				CLANG_WARN_STRICT_PROTOTYPES = YES;
				CLANG_WARN_SUSPICIOUS_MOVE = YES;
				CLANG_WARN_UNGUARDED_AVAILABILITY = YES_AGGRESSIVE;
				CLANG_WARN_UNREACHABLE_CODE = YES;
				CLANG_WARN__DUPLICATE_METHOD_MATCH = YES;
				COPY_PHASE_STRIP = NO;
				DEBUG_INFORMATION_FORMAT = "dwarf-with-dsym";
				ENABLE_NS_ASSERTIONS = NO;
				ENABLE_STRICT_OBJC_MSGSEND = YES;
				GCC_C_LANGUAGE_STANDARD = gnu11;
				GCC_NO_COMMON_BLOCKS = YES;
				GCC_WARN_64_TO_32_BIT_CONVERSION = YES;
				GCC_WARN_ABOUT_RETURN_TYPE = YES_ERROR;
				GCC_WARN_UNDECLARED_SELECTOR = YES;
				GCC_WARN_UNINITIALIZED_AUTOS = YES_AGGRESSIVE;
				GCC_WARN_UNUSED_FUNCTION = YES;
				GCC_WARN_UNUSED_VARIABLE = YES;
				IPHONEOS_DEPLOYMENT_TARGET = 13.4;
				MTL_ENABLE_DEBUG_INFO = NO;
				MTL_FAST_MATH = YES;
				SDKROOT = iphoneos;
				SWIFT_COMPILATION_MODE = wholemodule;
				SWIFT_OPTIMIZATION_LEVEL = "-O";
				VALIDATE_PRODUCT = YES;
			};
			name = Release;
		};
		8372DAE2245B83C50073007E /* Debug */ = {
			isa = XCBuildConfiguration;
			buildSettings = {
				ASSETCATALOG_COMPILER_APPICON_NAME = AppIcon;
				CODE_SIGN_STYLE = Automatic;
				DEVELOPMENT_ASSET_PATHS = "\"The Sand Box/Preview Content\"";
				DEVELOPMENT_TEAM = AN2F63DV29;
				ENABLE_PREVIEWS = YES;
				INFOPLIST_FILE = "The Sand Box/Info.plist";
				LD_RUNPATH_SEARCH_PATHS = (
					"$(inherited)",
					"@executable_path/Frameworks",
				);
				PRODUCT_BUNDLE_IDENTIFIER = "com.ThunderCats.The-Sand-Box";
				PRODUCT_NAME = "$(TARGET_NAME)";
				SWIFT_VERSION = 5.0;
				TARGETED_DEVICE_FAMILY = "1,2";
			};
			name = Debug;
		};
		8372DAE3245B83C50073007E /* Release */ = {
			isa = XCBuildConfiguration;
			buildSettings = {
				ASSETCATALOG_COMPILER_APPICON_NAME = AppIcon;
				CODE_SIGN_STYLE = Automatic;
				DEVELOPMENT_ASSET_PATHS = "\"The Sand Box/Preview Content\"";
				DEVELOPMENT_TEAM = AN2F63DV29;
				ENABLE_PREVIEWS = YES;
				INFOPLIST_FILE = "The Sand Box/Info.plist";
				LD_RUNPATH_SEARCH_PATHS = (
					"$(inherited)",
					"@executable_path/Frameworks",
				);
				PRODUCT_BUNDLE_IDENTIFIER = "com.ThunderCats.The-Sand-Box";
				PRODUCT_NAME = "$(TARGET_NAME)";
				SWIFT_VERSION = 5.0;
				TARGETED_DEVICE_FAMILY = "1,2";
			};
			name = Release;
		};
/* End XCBuildConfiguration section */

/* Begin XCConfigurationList section */
		8372DAC8245B83C30073007E /* Build configuration list for PBXProject "The Sand Box" */ = {
			isa = XCConfigurationList;
			buildConfigurations = (
				8372DADF245B83C50073007E /* Debug */,
				8372DAE0245B83C50073007E /* Release */,
			);
			defaultConfigurationIsVisible = 0;
			defaultConfigurationName = Release;
		};
		8372DAE1245B83C50073007E /* Build configuration list for PBXNativeTarget "The Sand Box" */ = {
			isa = XCConfigurationList;
			buildConfigurations = (
				8372DAE2245B83C50073007E /* Debug */,
				8372DAE3245B83C50073007E /* Release */,
			);
			defaultConfigurationIsVisible = 0;
			defaultConfigurationName = Release;
		};
/* End XCConfigurationList section */
	};
	rootObject = 8372DAC5245B83C30073007E /* Project object */;
}
