// !$*UTF8*$!
{
	archiveVersion = 1;
	classes = {
	};
	objectVersion = 50;
	objects = {

/* Begin PBXBuildFile section */
		83073E7123F3187900E37B22 /* AppDelegate.swift in Sources */ = {isa = PBXBuildFile; fileRef = 83073E7023F3187900E37B22 /* AppDelegate.swift */; };
		83073E7323F3187900E37B22 /* SceneDelegate.swift in Sources */ = {isa = PBXBuildFile; fileRef = 83073E7223F3187900E37B22 /* SceneDelegate.swift */; };
		83073E7523F3187900E37B22 /* ContentView.swift in Sources */ = {isa = PBXBuildFile; fileRef = 83073E7423F3187900E37B22 /* ContentView.swift */; };
		83073E7723F3187C00E37B22 /* Assets.xcassets in Resources */ = {isa = PBXBuildFile; fileRef = 83073E7623F3187C00E37B22 /* Assets.xcassets */; };
		83073E7A23F3187C00E37B22 /* Preview Assets.xcassets in Resources */ = {isa = PBXBuildFile; fileRef = 83073E7923F3187C00E37B22 /* Preview Assets.xcassets */; };
		83073E7D23F3187C00E37B22 /* LaunchScreen.storyboard in Resources */ = {isa = PBXBuildFile; fileRef = 83073E7B23F3187C00E37B22 /* LaunchScreen.storyboard */; };
		83073E8823F3187C00E37B22 /* The_Litter_BoxTests.swift in Sources */ = {isa = PBXBuildFile; fileRef = 83073E8723F3187C00E37B22 /* The_Litter_BoxTests.swift */; };
		83073E9323F3187C00E37B22 /* The_Litter_BoxUITests.swift in Sources */ = {isa = PBXBuildFile; fileRef = 83073E9223F3187C00E37B22 /* The_Litter_BoxUITests.swift */; };
		83073EA123F31A4100E37B22 /* Podfile in Resources */ = {isa = PBXBuildFile; fileRef = 83073EA023F31A4100E37B22 /* Podfile */; };
/* End PBXBuildFile section */

/* Begin PBXContainerItemProxy section */
		83073E8423F3187C00E37B22 /* PBXContainerItemProxy */ = {
			isa = PBXContainerItemProxy;
			containerPortal = 83073E6523F3187900E37B22 /* Project object */;
			proxyType = 1;
			remoteGlobalIDString = 83073E6C23F3187900E37B22;
			remoteInfo = "The Litter Box";
		};
		83073E8F23F3187C00E37B22 /* PBXContainerItemProxy */ = {
			isa = PBXContainerItemProxy;
			containerPortal = 83073E6523F3187900E37B22 /* Project object */;
			proxyType = 1;
			remoteGlobalIDString = 83073E6C23F3187900E37B22;
			remoteInfo = "The Litter Box";
		};
/* End PBXContainerItemProxy section */

/* Begin PBXFileReference section */
		83073E6D23F3187900E37B22 /* The Litter Box.app */ = {isa = PBXFileReference; explicitFileType = wrapper.application; includeInIndex = 0; path = "The Litter Box.app"; sourceTree = BUILT_PRODUCTS_DIR; };
		83073E7023F3187900E37B22 /* AppDelegate.swift */ = {isa = PBXFileReference; lastKnownFileType = sourcecode.swift; path = AppDelegate.swift; sourceTree = "<group>"; };
		83073E7223F3187900E37B22 /* SceneDelegate.swift */ = {isa = PBXFileReference; lastKnownFileType = sourcecode.swift; path = SceneDelegate.swift; sourceTree = "<group>"; };
		83073E7423F3187900E37B22 /* ContentView.swift */ = {isa = PBXFileReference; lastKnownFileType = sourcecode.swift; path = ContentView.swift; sourceTree = "<group>"; };
		83073E7623F3187C00E37B22 /* Assets.xcassets */ = {isa = PBXFileReference; lastKnownFileType = folder.assetcatalog; path = Assets.xcassets; sourceTree = "<group>"; };
		83073E7923F3187C00E37B22 /* Preview Assets.xcassets */ = {isa = PBXFileReference; lastKnownFileType = folder.assetcatalog; path = "Preview Assets.xcassets"; sourceTree = "<group>"; };
		83073E7C23F3187C00E37B22 /* Base */ = {isa = PBXFileReference; lastKnownFileType = file.storyboard; name = Base; path = Base.lproj/LaunchScreen.storyboard; sourceTree = "<group>"; };
		83073E7E23F3187C00E37B22 /* Info.plist */ = {isa = PBXFileReference; lastKnownFileType = text.plist.xml; path = Info.plist; sourceTree = "<group>"; };
		83073E8323F3187C00E37B22 /* The Litter BoxTests.xctest */ = {isa = PBXFileReference; explicitFileType = wrapper.cfbundle; includeInIndex = 0; path = "The Litter BoxTests.xctest"; sourceTree = BUILT_PRODUCTS_DIR; };
		83073E8723F3187C00E37B22 /* The_Litter_BoxTests.swift */ = {isa = PBXFileReference; lastKnownFileType = sourcecode.swift; path = The_Litter_BoxTests.swift; sourceTree = "<group>"; };
		83073E8923F3187C00E37B22 /* Info.plist */ = {isa = PBXFileReference; lastKnownFileType = text.plist.xml; path = Info.plist; sourceTree = "<group>"; };
		83073E8E23F3187C00E37B22 /* The Litter BoxUITests.xctest */ = {isa = PBXFileReference; explicitFileType = wrapper.cfbundle; includeInIndex = 0; path = "The Litter BoxUITests.xctest"; sourceTree = BUILT_PRODUCTS_DIR; };
		83073E9223F3187C00E37B22 /* The_Litter_BoxUITests.swift */ = {isa = PBXFileReference; lastKnownFileType = sourcecode.swift; path = The_Litter_BoxUITests.swift; sourceTree = "<group>"; };
		83073E9423F3187C00E37B22 /* Info.plist */ = {isa = PBXFileReference; lastKnownFileType = text.plist.xml; path = Info.plist; sourceTree = "<group>"; };
		83073EA023F31A4100E37B22 /* Podfile */ = {isa = PBXFileReference; lastKnownFileType = text; path = Podfile; sourceTree = "<group>"; };
/* End PBXFileReference section */

/* Begin PBXFrameworksBuildPhase section */
		83073E6A23F3187900E37B22 /* Frameworks */ = {
			isa = PBXFrameworksBuildPhase;
			buildActionMask = 2147483647;
			files = (
			);
			runOnlyForDeploymentPostprocessing = 0;
		};
		83073E8023F3187C00E37B22 /* Frameworks */ = {
			isa = PBXFrameworksBuildPhase;
			buildActionMask = 2147483647;
			files = (
			);
			runOnlyForDeploymentPostprocessing = 0;
		};
		83073E8B23F3187C00E37B22 /* Frameworks */ = {
			isa = PBXFrameworksBuildPhase;
			buildActionMask = 2147483647;
			files = (
			);
			runOnlyForDeploymentPostprocessing = 0;
		};
/* End PBXFrameworksBuildPhase section */

/* Begin PBXGroup section */
		83073E6423F3187900E37B22 = {
			isa = PBXGroup;
			children = (
				83073E6F23F3187900E37B22 /* The Litter Box */,
				83073E8623F3187C00E37B22 /* The Litter BoxTests */,
				83073E9123F3187C00E37B22 /* The Litter BoxUITests */,
				83073E6E23F3187900E37B22 /* Products */,
			);
			sourceTree = "<group>";
		};
		83073E6E23F3187900E37B22 /* Products */ = {
			isa = PBXGroup;
			children = (
				83073E6D23F3187900E37B22 /* The Litter Box.app */,
				83073E8323F3187C00E37B22 /* The Litter BoxTests.xctest */,
				83073E8E23F3187C00E37B22 /* The Litter BoxUITests.xctest */,
			);
			name = Products;
			sourceTree = "<group>";
		};
		83073E6F23F3187900E37B22 /* The Litter Box */ = {
			isa = PBXGroup;
			children = (
				83073E7023F3187900E37B22 /* AppDelegate.swift */,
				83073E7223F3187900E37B22 /* SceneDelegate.swift */,
				83073E7423F3187900E37B22 /* ContentView.swift */,
				83073E7623F3187C00E37B22 /* Assets.xcassets */,
				83073E7B23F3187C00E37B22 /* LaunchScreen.storyboard */,
				83073E7E23F3187C00E37B22 /* Info.plist */,
				83073E7823F3187C00E37B22 /* Preview Content */,
				83073EA023F31A4100E37B22 /* Podfile */,
			);
			path = "The Litter Box";
			sourceTree = "<group>";
		};
		83073E7823F3187C00E37B22 /* Preview Content */ = {
			isa = PBXGroup;
			children = (
				83073E7923F3187C00E37B22 /* Preview Assets.xcassets */,
			);
			path = "Preview Content";
			sourceTree = "<group>";
		};
		83073E8623F3187C00E37B22 /* The Litter BoxTests */ = {
			isa = PBXGroup;
			children = (
				83073E8723F3187C00E37B22 /* The_Litter_BoxTests.swift */,
				83073E8923F3187C00E37B22 /* Info.plist */,
			);
			path = "The Litter BoxTests";
			sourceTree = "<group>";
		};
		83073E9123F3187C00E37B22 /* The Litter BoxUITests */ = {
			isa = PBXGroup;
			children = (
				83073E9223F3187C00E37B22 /* The_Litter_BoxUITests.swift */,
				83073E9423F3187C00E37B22 /* Info.plist */,
			);
			path = "The Litter BoxUITests";
			sourceTree = "<group>";
		};
/* End PBXGroup section */

/* Begin PBXNativeTarget section */
		83073E6C23F3187900E37B22 /* The Litter Box */ = {
			isa = PBXNativeTarget;
			buildConfigurationList = 83073E9723F3187C00E37B22 /* Build configuration list for PBXNativeTarget "The Litter Box" */;
			buildPhases = (
				83073E6923F3187900E37B22 /* Sources */,
				83073E6A23F3187900E37B22 /* Frameworks */,
				83073E6B23F3187900E37B22 /* Resources */,
			);
			buildRules = (
			);
			dependencies = (
			);
			name = "The Litter Box";
			productName = "The Litter Box";
			productReference = 83073E6D23F3187900E37B22 /* The Litter Box.app */;
			productType = "com.apple.product-type.application";
		};
		83073E8223F3187C00E37B22 /* The Litter BoxTests */ = {
			isa = PBXNativeTarget;
			buildConfigurationList = 83073E9A23F3187C00E37B22 /* Build configuration list for PBXNativeTarget "The Litter BoxTests" */;
			buildPhases = (
				83073E7F23F3187C00E37B22 /* Sources */,
				83073E8023F3187C00E37B22 /* Frameworks */,
				83073E8123F3187C00E37B22 /* Resources */,
			);
			buildRules = (
			);
			dependencies = (
				83073E8523F3187C00E37B22 /* PBXTargetDependency */,
			);
			name = "The Litter BoxTests";
			productName = "The Litter BoxTests";
			productReference = 83073E8323F3187C00E37B22 /* The Litter BoxTests.xctest */;
			productType = "com.apple.product-type.bundle.unit-test";
		};
		83073E8D23F3187C00E37B22 /* The Litter BoxUITests */ = {
			isa = PBXNativeTarget;
			buildConfigurationList = 83073E9D23F3187C00E37B22 /* Build configuration list for PBXNativeTarget "The Litter BoxUITests" */;
			buildPhases = (
				83073E8A23F3187C00E37B22 /* Sources */,
				83073E8B23F3187C00E37B22 /* Frameworks */,
				83073E8C23F3187C00E37B22 /* Resources */,
			);
			buildRules = (
			);
			dependencies = (
				83073E9023F3187C00E37B22 /* PBXTargetDependency */,
			);
			name = "The Litter BoxUITests";
			productName = "The Litter BoxUITests";
			productReference = 83073E8E23F3187C00E37B22 /* The Litter BoxUITests.xctest */;
			productType = "com.apple.product-type.bundle.ui-testing";
		};
/* End PBXNativeTarget section */

/* Begin PBXProject section */
		83073E6523F3187900E37B22 /* Project object */ = {
			isa = PBXProject;
			attributes = {
				LastSwiftUpdateCheck = 1130;
				LastUpgradeCheck = 1130;
				ORGANIZATIONNAME = ThunderCats;
				TargetAttributes = {
					83073E6C23F3187900E37B22 = {
						CreatedOnToolsVersion = 11.3.1;
					};
					83073E8223F3187C00E37B22 = {
						CreatedOnToolsVersion = 11.3.1;
						TestTargetID = 83073E6C23F3187900E37B22;
					};
					83073E8D23F3187C00E37B22 = {
						CreatedOnToolsVersion = 11.3.1;
						TestTargetID = 83073E6C23F3187900E37B22;
					};
				};
			};
			buildConfigurationList = 83073E6823F3187900E37B22 /* Build configuration list for PBXProject "The Litter Box" */;
			compatibilityVersion = "Xcode 9.3";
			developmentRegion = en;
			hasScannedForEncodings = 0;
			knownRegions = (
				en,
				Base,
			);
			mainGroup = 83073E6423F3187900E37B22;
			productRefGroup = 83073E6E23F3187900E37B22 /* Products */;
			projectDirPath = "";
			projectRoot = "";
			targets = (
				83073E6C23F3187900E37B22 /* The Litter Box */,
				83073E8223F3187C00E37B22 /* The Litter BoxTests */,
				83073E8D23F3187C00E37B22 /* The Litter BoxUITests */,
			);
		};
/* End PBXProject section */

/* Begin PBXResourcesBuildPhase section */
		83073E6B23F3187900E37B22 /* Resources */ = {
			isa = PBXResourcesBuildPhase;
			buildActionMask = 2147483647;
			files = (
				83073E7D23F3187C00E37B22 /* LaunchScreen.storyboard in Resources */,
				83073E7A23F3187C00E37B22 /* Preview Assets.xcassets in Resources */,
				83073EA123F31A4100E37B22 /* Podfile in Resources */,
				83073E7723F3187C00E37B22 /* Assets.xcassets in Resources */,
			);
			runOnlyForDeploymentPostprocessing = 0;
		};
		83073E8123F3187C00E37B22 /* Resources */ = {
			isa = PBXResourcesBuildPhase;
			buildActionMask = 2147483647;
			files = (
			);
			runOnlyForDeploymentPostprocessing = 0;
		};
		83073E8C23F3187C00E37B22 /* Resources */ = {
			isa = PBXResourcesBuildPhase;
			buildActionMask = 2147483647;
			files = (
			);
			runOnlyForDeploymentPostprocessing = 0;
		};
/* End PBXResourcesBuildPhase section */

/* Begin PBXSourcesBuildPhase section */
		83073E6923F3187900E37B22 /* Sources */ = {
			isa = PBXSourcesBuildPhase;
			buildActionMask = 2147483647;
			files = (
				83073E7123F3187900E37B22 /* AppDelegate.swift in Sources */,
				83073E7323F3187900E37B22 /* SceneDelegate.swift in Sources */,
				83073E7523F3187900E37B22 /* ContentView.swift in Sources */,
			);
			runOnlyForDeploymentPostprocessing = 0;
		};
		83073E7F23F3187C00E37B22 /* Sources */ = {
			isa = PBXSourcesBuildPhase;
			buildActionMask = 2147483647;
			files = (
				83073E8823F3187C00E37B22 /* The_Litter_BoxTests.swift in Sources */,
			);
			runOnlyForDeploymentPostprocessing = 0;
		};
		83073E8A23F3187C00E37B22 /* Sources */ = {
			isa = PBXSourcesBuildPhase;
			buildActionMask = 2147483647;
			files = (
				83073E9323F3187C00E37B22 /* The_Litter_BoxUITests.swift in Sources */,
			);
			runOnlyForDeploymentPostprocessing = 0;
		};
/* End PBXSourcesBuildPhase section */

/* Begin PBXTargetDependency section */
		83073E8523F3187C00E37B22 /* PBXTargetDependency */ = {
			isa = PBXTargetDependency;
			target = 83073E6C23F3187900E37B22 /* The Litter Box */;
			targetProxy = 83073E8423F3187C00E37B22 /* PBXContainerItemProxy */;
		};
		83073E9023F3187C00E37B22 /* PBXTargetDependency */ = {
			isa = PBXTargetDependency;
			target = 83073E6C23F3187900E37B22 /* The Litter Box */;
			targetProxy = 83073E8F23F3187C00E37B22 /* PBXContainerItemProxy */;
		};
/* End PBXTargetDependency section */

/* Begin PBXVariantGroup section */
		83073E7B23F3187C00E37B22 /* LaunchScreen.storyboard */ = {
			isa = PBXVariantGroup;
			children = (
				83073E7C23F3187C00E37B22 /* Base */,
			);
			name = LaunchScreen.storyboard;
			sourceTree = "<group>";
		};
/* End PBXVariantGroup section */

/* Begin XCBuildConfiguration section */
		83073E9523F3187C00E37B22 /* Debug */ = {
			isa = XCBuildConfiguration;
			buildSettings = {
				ALWAYS_SEARCH_USER_PATHS = NO;
				CLANG_ANALYZER_NONNULL = YES;
				CLANG_ANALYZER_NUMBER_OBJECT_CONVERSION = YES_AGGRESSIVE;
				CLANG_CXX_LANGUAGE_STANDARD = "gnu++14";
				CLANG_CXX_LIBRARY = "libc++";
				CLANG_ENABLE_MODULES = YES;
				CLANG_ENABLE_OBJC_ARC = YES;
				CLANG_ENABLE_OBJC_WEAK = YES;
				CLANG_WARN_BLOCK_CAPTURE_AUTORELEASING = YES;
				CLANG_WARN_BOOL_CONVERSION = YES;
				CLANG_WARN_COMMA = YES;
				CLANG_WARN_CONSTANT_CONVERSION = YES;
				CLANG_WARN_DEPRECATED_OBJC_IMPLEMENTATIONS = YES;
				CLANG_WARN_DIRECT_OBJC_ISA_USAGE = YES_ERROR;
				CLANG_WARN_DOCUMENTATION_COMMENTS = YES;
				CLANG_WARN_EMPTY_BODY = YES;
				CLANG_WARN_ENUM_CONVERSION = YES;
				CLANG_WARN_INFINITE_RECURSION = YES;
				CLANG_WARN_INT_CONVERSION = YES;
				CLANG_WARN_NON_LITERAL_NULL_CONVERSION = YES;
				CLANG_WARN_OBJC_IMPLICIT_RETAIN_SELF = YES;
				CLANG_WARN_OBJC_LITERAL_CONVERSION = YES;
				CLANG_WARN_OBJC_ROOT_CLASS = YES_ERROR;
				CLANG_WARN_RANGE_LOOP_ANALYSIS = YES;
				CLANG_WARN_STRICT_PROTOTYPES = YES;
				CLANG_WARN_SUSPICIOUS_MOVE = YES;
				CLANG_WARN_UNGUARDED_AVAILABILITY = YES_AGGRESSIVE;
				CLANG_WARN_UNREACHABLE_CODE = YES;
				CLANG_WARN__DUPLICATE_METHOD_MATCH = YES;
				COPY_PHASE_STRIP = NO;
				DEBUG_INFORMATION_FORMAT = dwarf;
				ENABLE_STRICT_OBJC_MSGSEND = YES;
				ENABLE_TESTABILITY = YES;
				GCC_C_LANGUAGE_STANDARD = gnu11;
				GCC_DYNAMIC_NO_PIC = NO;
				GCC_NO_COMMON_BLOCKS = YES;
				GCC_OPTIMIZATION_LEVEL = 0;
				GCC_PREPROCESSOR_DEFINITIONS = (
					"DEBUG=1",
					"$(inherited)",
				);
				GCC_WARN_64_TO_32_BIT_CONVERSION = YES;
				GCC_WARN_ABOUT_RETURN_TYPE = YES_ERROR;
				GCC_WARN_UNDECLARED_SELECTOR = YES;
				GCC_WARN_UNINITIALIZED_AUTOS = YES_AGGRESSIVE;
				GCC_WARN_UNUSED_FUNCTION = YES;
				GCC_WARN_UNUSED_VARIABLE = YES;
				IPHONEOS_DEPLOYMENT_TARGET = 13.2;
				MTL_ENABLE_DEBUG_INFO = INCLUDE_SOURCE;
				MTL_FAST_MATH = YES;
				ONLY_ACTIVE_ARCH = YES;
				SDKROOT = iphoneos;
				SWIFT_ACTIVE_COMPILATION_CONDITIONS = DEBUG;
				SWIFT_OPTIMIZATION_LEVEL = "-Onone";
			};
			name = Debug;
		};
		83073E9623F3187C00E37B22 /* Release */ = {
			isa = XCBuildConfiguration;
			buildSettings = {
				ALWAYS_SEARCH_USER_PATHS = NO;
				CLANG_ANALYZER_NONNULL = YES;
				CLANG_ANALYZER_NUMBER_OBJECT_CONVERSION = YES_AGGRESSIVE;
				CLANG_CXX_LANGUAGE_STANDARD = "gnu++14";
				CLANG_CXX_LIBRARY = "libc++";
				CLANG_ENABLE_MODULES = YES;
				CLANG_ENABLE_OBJC_ARC = YES;
				CLANG_ENABLE_OBJC_WEAK = YES;
				CLANG_WARN_BLOCK_CAPTURE_AUTORELEASING = YES;
				CLANG_WARN_BOOL_CONVERSION = YES;
				CLANG_WARN_COMMA = YES;
				CLANG_WARN_CONSTANT_CONVERSION = YES;
				CLANG_WARN_DEPRECATED_OBJC_IMPLEMENTATIONS = YES;
				CLANG_WARN_DIRECT_OBJC_ISA_USAGE = YES_ERROR;
				CLANG_WARN_DOCUMENTATION_COMMENTS = YES;
				CLANG_WARN_EMPTY_BODY = YES;
				CLANG_WARN_ENUM_CONVERSION = YES;
				CLANG_WARN_INFINITE_RECURSION = YES;
				CLANG_WARN_INT_CONVERSION = YES;
				CLANG_WARN_NON_LITERAL_NULL_CONVERSION = YES;
				CLANG_WARN_OBJC_IMPLICIT_RETAIN_SELF = YES;
				CLANG_WARN_OBJC_LITERAL_CONVERSION = YES;
				CLANG_WARN_OBJC_ROOT_CLASS = YES_ERROR;
				CLANG_WARN_RANGE_LOOP_ANALYSIS = YES;
				CLANG_WARN_STRICT_PROTOTYPES = YES;
				CLANG_WARN_SUSPICIOUS_MOVE = YES;
				CLANG_WARN_UNGUARDED_AVAILABILITY = YES_AGGRESSIVE;
				CLANG_WARN_UNREACHABLE_CODE = YES;
				CLANG_WARN__DUPLICATE_METHOD_MATCH = YES;
				COPY_PHASE_STRIP = NO;
				DEBUG_INFORMATION_FORMAT = "dwarf-with-dsym";
				ENABLE_NS_ASSERTIONS = NO;
				ENABLE_STRICT_OBJC_MSGSEND = YES;
				GCC_C_LANGUAGE_STANDARD = gnu11;
				GCC_NO_COMMON_BLOCKS = YES;
				GCC_WARN_64_TO_32_BIT_CONVERSION = YES;
				GCC_WARN_ABOUT_RETURN_TYPE = YES_ERROR;
				GCC_WARN_UNDECLARED_SELECTOR = YES;
				GCC_WARN_UNINITIALIZED_AUTOS = YES_AGGRESSIVE;
				GCC_WARN_UNUSED_FUNCTION = YES;
				GCC_WARN_UNUSED_VARIABLE = YES;
				IPHONEOS_DEPLOYMENT_TARGET = 13.2;
				MTL_ENABLE_DEBUG_INFO = NO;
				MTL_FAST_MATH = YES;
				SDKROOT = iphoneos;
				SWIFT_COMPILATION_MODE = wholemodule;
				SWIFT_OPTIMIZATION_LEVEL = "-O";
				VALIDATE_PRODUCT = YES;
			};
			name = Release;
		};
		83073E9823F3187C00E37B22 /* Debug */ = {
			isa = XCBuildConfiguration;
			buildSettings = {
				ASSETCATALOG_COMPILER_APPICON_NAME = AppIcon;
				CODE_SIGN_STYLE = Automatic;
				DEVELOPMENT_ASSET_PATHS = "\"The Litter Box/Preview Content\"";
				ENABLE_PREVIEWS = YES;
				INFOPLIST_FILE = "The Litter Box/Info.plist";
				LD_RUNPATH_SEARCH_PATHS = (
					"$(inherited)",
					"@executable_path/Frameworks",
				);
				PRODUCT_BUNDLE_IDENTIFIER = "com.ThunderCats.The-Litter-Box";
				PRODUCT_NAME = "$(TARGET_NAME)";
				SWIFT_VERSION = 5.0;
				TARGETED_DEVICE_FAMILY = "1,2";
			};
			name = Debug;
		};
		83073E9923F3187C00E37B22 /* Release */ = {
			isa = XCBuildConfiguration;
			buildSettings = {
				ASSETCATALOG_COMPILER_APPICON_NAME = AppIcon;
				CODE_SIGN_STYLE = Automatic;
				DEVELOPMENT_ASSET_PATHS = "\"The Litter Box/Preview Content\"";
				ENABLE_PREVIEWS = YES;
				INFOPLIST_FILE = "The Litter Box/Info.plist";
				LD_RUNPATH_SEARCH_PATHS = (
					"$(inherited)",
					"@executable_path/Frameworks",
				);
				PRODUCT_BUNDLE_IDENTIFIER = "com.ThunderCats.The-Litter-Box";
				PRODUCT_NAME = "$(TARGET_NAME)";
				SWIFT_VERSION = 5.0;
				TARGETED_DEVICE_FAMILY = "1,2";
			};
			name = Release;
		};
		83073E9B23F3187C00E37B22 /* Debug */ = {
			isa = XCBuildConfiguration;
			buildSettings = {
				ALWAYS_EMBED_SWIFT_STANDARD_LIBRARIES = YES;
				BUNDLE_LOADER = "$(TEST_HOST)";
				CODE_SIGN_STYLE = Automatic;
				INFOPLIST_FILE = "The Litter BoxTests/Info.plist";
				IPHONEOS_DEPLOYMENT_TARGET = 13.2;
				LD_RUNPATH_SEARCH_PATHS = (
					"$(inherited)",
					"@executable_path/Frameworks",
					"@loader_path/Frameworks",
				);
				PRODUCT_BUNDLE_IDENTIFIER = "com.ThunderCats.The-Litter-BoxTests";
				PRODUCT_NAME = "$(TARGET_NAME)";
				SWIFT_VERSION = 5.0;
				TARGETED_DEVICE_FAMILY = "1,2";
				TEST_HOST = "$(BUILT_PRODUCTS_DIR)/The Litter Box.app/The Litter Box";
			};
			name = Debug;
		};
		83073E9C23F3187C00E37B22 /* Release */ = {
			isa = XCBuildConfiguration;
			buildSettings = {
				ALWAYS_EMBED_SWIFT_STANDARD_LIBRARIES = YES;
				BUNDLE_LOADER = "$(TEST_HOST)";
				CODE_SIGN_STYLE = Automatic;
				INFOPLIST_FILE = "The Litter BoxTests/Info.plist";
				IPHONEOS_DEPLOYMENT_TARGET = 13.2;
				LD_RUNPATH_SEARCH_PATHS = (
					"$(inherited)",
					"@executable_path/Frameworks",
					"@loader_path/Frameworks",
				);
				PRODUCT_BUNDLE_IDENTIFIER = "com.ThunderCats.The-Litter-BoxTests";
				PRODUCT_NAME = "$(TARGET_NAME)";
				SWIFT_VERSION = 5.0;
				TARGETED_DEVICE_FAMILY = "1,2";
				TEST_HOST = "$(BUILT_PRODUCTS_DIR)/The Litter Box.app/The Litter Box";
			};
			name = Release;
		};
		83073E9E23F3187C00E37B22 /* Debug */ = {
			isa = XCBuildConfiguration;
			buildSettings = {
				ALWAYS_EMBED_SWIFT_STANDARD_LIBRARIES = YES;
				CODE_SIGN_STYLE = Automatic;
				INFOPLIST_FILE = "The Litter BoxUITests/Info.plist";
				LD_RUNPATH_SEARCH_PATHS = (
					"$(inherited)",
					"@executable_path/Frameworks",
					"@loader_path/Frameworks",
				);
				PRODUCT_BUNDLE_IDENTIFIER = "com.ThunderCats.The-Litter-BoxUITests";
				PRODUCT_NAME = "$(TARGET_NAME)";
				SWIFT_VERSION = 5.0;
				TARGETED_DEVICE_FAMILY = "1,2";
				TEST_TARGET_NAME = "The Litter Box";
			};
			name = Debug;
		};
		83073E9F23F3187C00E37B22 /* Release */ = {
			isa = XCBuildConfiguration;
			buildSettings = {
				ALWAYS_EMBED_SWIFT_STANDARD_LIBRARIES = YES;
				CODE_SIGN_STYLE = Automatic;
				INFOPLIST_FILE = "The Litter BoxUITests/Info.plist";
				LD_RUNPATH_SEARCH_PATHS = (
					"$(inherited)",
					"@executable_path/Frameworks",
					"@loader_path/Frameworks",
				);
				PRODUCT_BUNDLE_IDENTIFIER = "com.ThunderCats.The-Litter-BoxUITests";
				PRODUCT_NAME = "$(TARGET_NAME)";
				SWIFT_VERSION = 5.0;
				TARGETED_DEVICE_FAMILY = "1,2";
				TEST_TARGET_NAME = "The Litter Box";
			};
			name = Release;
		};
/* End XCBuildConfiguration section */

/* Begin XCConfigurationList section */
		83073E6823F3187900E37B22 /* Build configuration list for PBXProject "The Litter Box" */ = {
			isa = XCConfigurationList;
			buildConfigurations = (
				83073E9523F3187C00E37B22 /* Debug */,
				83073E9623F3187C00E37B22 /* Release */,
			);
			defaultConfigurationIsVisible = 0;
			defaultConfigurationName = Release;
		};
		83073E9723F3187C00E37B22 /* Build configuration list for PBXNativeTarget "The Litter Box" */ = {
			isa = XCConfigurationList;
			buildConfigurations = (
				83073E9823F3187C00E37B22 /* Debug */,
				83073E9923F3187C00E37B22 /* Release */,
			);
			defaultConfigurationIsVisible = 0;
			defaultConfigurationName = Release;
		};
		83073E9A23F3187C00E37B22 /* Build configuration list for PBXNativeTarget "The Litter BoxTests" */ = {
			isa = XCConfigurationList;
			buildConfigurations = (
				83073E9B23F3187C00E37B22 /* Debug */,
				83073E9C23F3187C00E37B22 /* Release */,
			);
			defaultConfigurationIsVisible = 0;
			defaultConfigurationName = Release;
		};
		83073E9D23F3187C00E37B22 /* Build configuration list for PBXNativeTarget "The Litter BoxUITests" */ = {
			isa = XCConfigurationList;
			buildConfigurations = (
				83073E9E23F3187C00E37B22 /* Debug */,
				83073E9F23F3187C00E37B22 /* Release */,
			);
			defaultConfigurationIsVisible = 0;
			defaultConfigurationName = Release;
		};
/* End XCConfigurationList section */
	};
	rootObject = 83073E6523F3187900E37B22 /* Project object */;
}
